// !$*UTF8*$!
{
	archiveVersion = 1;
	classes = {
	};
	objectVersion = 54;
	objects = {

/* Begin PBXBuildFile section */
		0F0A4260258A12D600332CF9 /* MainTableViewCell.swift in Sources */ = {isa = PBXBuildFile; fileRef = 0F0A425E258A12D600332CF9 /* MainTableViewCell.swift */; };
		0F0A4261258A12D600332CF9 /* MainTableViewCell.xib in Resources */ = {isa = PBXBuildFile; fileRef = 0F0A425F258A12D600332CF9 /* MainTableViewCell.xib */; };
		0F0A4270258AFBE000332CF9 /* PersonModel.swift in Sources */ = {isa = PBXBuildFile; fileRef = 0F0A426F258AFBE000332CF9 /* PersonModel.swift */; };
		0F0A4274258B08A400332CF9 /* DetailViewController.swift in Sources */ = {isa = PBXBuildFile; fileRef = 0F0A4273258B08A400332CF9 /* DetailViewController.swift */; };
		0F0A4299258B340D00332CF9 /* NetWorkUrl.swift in Sources */ = {isa = PBXBuildFile; fileRef = 0F0A4298258B340D00332CF9 /* NetWorkUrl.swift */; };
		0F47709225B923D30031BE7A /* LandmarkList.swift in Sources */ = {isa = PBXBuildFile; fileRef = 0F47709125B923D30031BE7A /* LandmarkList.swift */; };
		0F47709525B924300031BE7A /* Landmark.swift in Sources */ = {isa = PBXBuildFile; fileRef = 0F47709425B924300031BE7A /* Landmark.swift */; };
		0F47709825B9256E0031BE7A /* LandmarkRow.swift in Sources */ = {isa = PBXBuildFile; fileRef = 0F47709725B9256E0031BE7A /* LandmarkRow.swift */; };
		0F47709B25B92ACF0031BE7A /* ListDetail.swift in Sources */ = {isa = PBXBuildFile; fileRef = 0F47709A25B92ACF0031BE7A /* ListDetail.swift */; };
		0F484C0F25CFC70700ED367C /* Test.m in Sources */ = {isa = PBXBuildFile; fileRef = 0F484C0E25CFC70700ED367C /* Test.m */; };
		0F4894BB25D1465200B61B36 /* SubTest.m in Sources */ = {isa = PBXBuildFile; fileRef = 0F4894BA25D1465200B61B36 /* SubTest.m */; };
		0F4894BF25D1474600B61B36 /* Test+Load.m in Sources */ = {isa = PBXBuildFile; fileRef = 0F4894BE25D1474600B61B36 /* Test+Load.m */; };
		0F58692825B7C14500EE6B3F /* PersonHeader.swift in Sources */ = {isa = PBXBuildFile; fileRef = 0F58692725B7C14500EE6B3F /* PersonHeader.swift */; };
		0F7D14E125724BEE00032712 /* AppDelegate.m in Sources */ = {isa = PBXBuildFile; fileRef = 0F7D14E025724BEE00032712 /* AppDelegate.m */; };
		0F7D14E425724BEE00032712 /* SceneDelegate.m in Sources */ = {isa = PBXBuildFile; fileRef = 0F7D14E325724BEE00032712 /* SceneDelegate.m */; };
		0F7D14E725724BEE00032712 /* ViewController.m in Sources */ = {isa = PBXBuildFile; fileRef = 0F7D14E625724BEE00032712 /* ViewController.m */; };
		0F7D14EA25724BEE00032712 /* Main.storyboard in Resources */ = {isa = PBXBuildFile; fileRef = 0F7D14E825724BEE00032712 /* Main.storyboard */; };
		0F7D14EC25724BF300032712 /* Assets.xcassets in Resources */ = {isa = PBXBuildFile; fileRef = 0F7D14EB25724BF300032712 /* Assets.xcassets */; };
		0F7D14EF25724BF300032712 /* LaunchScreen.storyboard in Resources */ = {isa = PBXBuildFile; fileRef = 0F7D14ED25724BF300032712 /* LaunchScreen.storyboard */; };
		0F7D14F225724BF300032712 /* main.m in Sources */ = {isa = PBXBuildFile; fileRef = 0F7D14F125724BF300032712 /* main.m */; };
		0F7D14FD25725D9F00032712 /* MainViewController.m in Sources */ = {isa = PBXBuildFile; fileRef = 0F7D14FB25725D9F00032712 /* MainViewController.m */; };
		0F7D14FE25725D9F00032712 /* MainViewController.xib in Resources */ = {isa = PBXBuildFile; fileRef = 0F7D14FC25725D9F00032712 /* MainViewController.xib */; };
		0F7D51BB2589C32A0000AC55 /* PersonViewController.swift in Sources */ = {isa = PBXBuildFile; fileRef = 0F7D51B92589C32A0000AC55 /* PersonViewController.swift */; };
		0F7D51BC2589C32A0000AC55 /* PersonViewController.xib in Resources */ = {isa = PBXBuildFile; fileRef = 0F7D51BA2589C32A0000AC55 /* PersonViewController.xib */; };
		0F8540C2257F6B900007D1FF /* Localizable1111.strings in Resources */ = {isa = PBXBuildFile; fileRef = 0F8540C5257F6B900007D1FF /* Localizable1111.strings */; };
		0F9B7F1B25D261C500703BF2 /* NSLayoutConstraint+MASDebugAdditions.m in Sources */ = {isa = PBXBuildFile; fileRef = 0F9B7F0325D261C500703BF2 /* NSLayoutConstraint+MASDebugAdditions.m */; };
		0F9B7F1C25D261C500703BF2 /* ViewController+MASAdditions.m in Sources */ = {isa = PBXBuildFile; fileRef = 0F9B7F0C25D261C500703BF2 /* ViewController+MASAdditions.m */; };
		0F9B7F1D25D261C500703BF2 /* MASCompositeConstraint.m in Sources */ = {isa = PBXBuildFile; fileRef = 0F9B7F1025D261C500703BF2 /* MASCompositeConstraint.m */; };
		0F9B7F1E25D261C500703BF2 /* MASConstraintMaker.m in Sources */ = {isa = PBXBuildFile; fileRef = 0F9B7F1125D261C500703BF2 /* MASConstraintMaker.m */; };
		0F9B7F1F25D261C500703BF2 /* MASLayoutConstraint.m in Sources */ = {isa = PBXBuildFile; fileRef = 0F9B7F1225D261C500703BF2 /* MASLayoutConstraint.m */; };
		0F9B7F2025D261C500703BF2 /* NSArray+MASAdditions.m in Sources */ = {isa = PBXBuildFile; fileRef = 0F9B7F1325D261C500703BF2 /* NSArray+MASAdditions.m */; };
		0F9B7F2125D261C500703BF2 /* View+MASAdditions.m in Sources */ = {isa = PBXBuildFile; fileRef = 0F9B7F1425D261C500703BF2 /* View+MASAdditions.m */; };
		0F9B7F2225D261C500703BF2 /* MASConstraint.m in Sources */ = {isa = PBXBuildFile; fileRef = 0F9B7F1725D261C500703BF2 /* MASConstraint.m */; };
		0F9B7F2325D261C500703BF2 /* MASViewConstraint.m in Sources */ = {isa = PBXBuildFile; fileRef = 0F9B7F1925D261C500703BF2 /* MASViewConstraint.m */; };
		0F9B7F2425D261C500703BF2 /* MASViewAttribute.m in Sources */ = {isa = PBXBuildFile; fileRef = 0F9B7F1A25D261C500703BF2 /* MASViewAttribute.m */; };
		0FA5D130259195BB00D785A8 /* FuncMethod.swift in Sources */ = {isa = PBXBuildFile; fileRef = 0FA5D12F259195BB00D785A8 /* FuncMethod.swift */; };
		0FB2DCD8258B60F600594D81 /* MainAlertView.swift in Sources */ = {isa = PBXBuildFile; fileRef = 0FB2DCD7258B60F600594D81 /* MainAlertView.swift */; };
		0FB2DCDB258B610500594D81 /* MainAlertView.xib in Resources */ = {isa = PBXBuildFile; fileRef = 0FB2DCDA258B610500594D81 /* MainAlertView.xib */; };
		0FC59A72258B4A6F009792CC /* NetWork.swift in Sources */ = {isa = PBXBuildFile; fileRef = 0FC59A71258B4A6F009792CC /* NetWork.swift */; };
		0FC965BC25A8291200CE4307 /* icon.png in Resources */ = {isa = PBXBuildFile; fileRef = 0FC965BB25A8291200CE4307 /* icon.png */; };
		1A30690435319AC49D4E08ED /* Pods_Nav.framework in Frameworks */ = {isa = PBXBuildFile; fileRef = 976D8A13FA908B5CC8F9D9A7 /* Pods_Nav.framework */; };
		779D8B88FDC06FA7505515D0 /* (null) in Frameworks */ = {isa = PBXBuildFile; };
		8130D7C0E9C831C45FC07497 /* (null) in Frameworks */ = {isa = PBXBuildFile; };
		FE8426435FF1B06AB480AF7D /* Pods_Nav.framework in Frameworks */ = {isa = PBXBuildFile; fileRef = EC80513CDD77CF7198BDC895 /* Pods_Nav.framework */; };
/* End PBXBuildFile section */

/* Begin PBXFileReference section */
		067EF1B140A4A2D5970892CD /* Pods-AApp.debug.xcconfig */ = {isa = PBXFileReference; includeInIndex = 1; lastKnownFileType = text.xcconfig; name = "Pods-AApp.debug.xcconfig"; path = "Target Support Files/Pods-AApp/Pods-AApp.debug.xcconfig"; sourceTree = "<group>"; };
		078395D64E84B33EECB6E256 /* Pods_NavDev.framework */ = {isa = PBXFileReference; explicitFileType = wrapper.framework; includeInIndex = 0; path = Pods_NavDev.framework; sourceTree = BUILT_PRODUCTS_DIR; };
		0C729671CF89D9091BFACDBC /* Pods-Talk.developer.xcconfig */ = {isa = PBXFileReference; includeInIndex = 1; lastKnownFileType = text.xcconfig; name = "Pods-Talk.developer.xcconfig"; path = "Target Support Files/Pods-Talk/Pods-Talk.developer.xcconfig"; sourceTree = "<group>"; };
		0F0A425E258A12D600332CF9 /* MainTableViewCell.swift */ = {isa = PBXFileReference; lastKnownFileType = sourcecode.swift; path = MainTableViewCell.swift; sourceTree = "<group>"; };
		0F0A425F258A12D600332CF9 /* MainTableViewCell.xib */ = {isa = PBXFileReference; lastKnownFileType = file.xib; path = MainTableViewCell.xib; sourceTree = "<group>"; };
		0F0A426F258AFBE000332CF9 /* PersonModel.swift */ = {isa = PBXFileReference; lastKnownFileType = sourcecode.swift; path = PersonModel.swift; sourceTree = "<group>"; };
		0F0A4273258B08A400332CF9 /* DetailViewController.swift */ = {isa = PBXFileReference; lastKnownFileType = sourcecode.swift; path = DetailViewController.swift; sourceTree = "<group>"; };
		0F0A4298258B340D00332CF9 /* NetWorkUrl.swift */ = {isa = PBXFileReference; lastKnownFileType = sourcecode.swift; path = NetWorkUrl.swift; sourceTree = "<group>"; };
		0F47709125B923D30031BE7A /* LandmarkList.swift */ = {isa = PBXFileReference; lastKnownFileType = sourcecode.swift; path = LandmarkList.swift; sourceTree = "<group>"; };
		0F47709425B924300031BE7A /* Landmark.swift */ = {isa = PBXFileReference; lastKnownFileType = sourcecode.swift; path = Landmark.swift; sourceTree = "<group>"; };
		0F47709725B9256E0031BE7A /* LandmarkRow.swift */ = {isa = PBXFileReference; lastKnownFileType = sourcecode.swift; path = LandmarkRow.swift; sourceTree = "<group>"; };
		0F47709A25B92ACF0031BE7A /* ListDetail.swift */ = {isa = PBXFileReference; lastKnownFileType = sourcecode.swift; path = ListDetail.swift; sourceTree = "<group>"; };
		0F484C0D25CFC70700ED367C /* Test.h */ = {isa = PBXFileReference; lastKnownFileType = sourcecode.c.h; path = Test.h; sourceTree = "<group>"; };
		0F484C0E25CFC70700ED367C /* Test.m */ = {isa = PBXFileReference; lastKnownFileType = sourcecode.c.objc; path = Test.m; sourceTree = "<group>"; };
		0F484C1425CFDD0400ED367C /* Header.h */ = {isa = PBXFileReference; lastKnownFileType = sourcecode.c.h; path = Header.h; sourceTree = "<group>"; };
		0F4894B925D1465200B61B36 /* SubTest.h */ = {isa = PBXFileReference; lastKnownFileType = sourcecode.c.h; path = SubTest.h; sourceTree = "<group>"; };
		0F4894BA25D1465200B61B36 /* SubTest.m */ = {isa = PBXFileReference; lastKnownFileType = sourcecode.c.objc; path = SubTest.m; sourceTree = "<group>"; };
		0F4894BD25D1474600B61B36 /* Test+Load.h */ = {isa = PBXFileReference; lastKnownFileType = sourcecode.c.h; path = "Test+Load.h"; sourceTree = "<group>"; };
		0F4894BE25D1474600B61B36 /* Test+Load.m */ = {isa = PBXFileReference; lastKnownFileType = sourcecode.c.objc; path = "Test+Load.m"; sourceTree = "<group>"; };
		0F58692725B7C14500EE6B3F /* PersonHeader.swift */ = {isa = PBXFileReference; lastKnownFileType = sourcecode.swift; path = PersonHeader.swift; sourceTree = "<group>"; };
		0F7D14DC25724BEE00032712 /* Nav.app */ = {isa = PBXFileReference; explicitFileType = wrapper.application; includeInIndex = 0; path = Nav.app; sourceTree = BUILT_PRODUCTS_DIR; };
		0F7D14DF25724BEE00032712 /* AppDelegate.h */ = {isa = PBXFileReference; lastKnownFileType = sourcecode.c.h; path = AppDelegate.h; sourceTree = "<group>"; };
		0F7D14E025724BEE00032712 /* AppDelegate.m */ = {isa = PBXFileReference; lastKnownFileType = sourcecode.c.objc; path = AppDelegate.m; sourceTree = "<group>"; };
		0F7D14E225724BEE00032712 /* SceneDelegate.h */ = {isa = PBXFileReference; lastKnownFileType = sourcecode.c.h; path = SceneDelegate.h; sourceTree = "<group>"; };
		0F7D14E325724BEE00032712 /* SceneDelegate.m */ = {isa = PBXFileReference; lastKnownFileType = sourcecode.c.objc; path = SceneDelegate.m; sourceTree = "<group>"; };
		0F7D14E525724BEE00032712 /* ViewController.h */ = {isa = PBXFileReference; lastKnownFileType = sourcecode.c.h; path = ViewController.h; sourceTree = "<group>"; };
		0F7D14E625724BEE00032712 /* ViewController.m */ = {isa = PBXFileReference; lastKnownFileType = sourcecode.c.objc; path = ViewController.m; sourceTree = "<group>"; };
		0F7D14E925724BEE00032712 /* Base */ = {isa = PBXFileReference; lastKnownFileType = file.storyboard; name = Base; path = Base.lproj/Main.storyboard; sourceTree = "<group>"; };
		0F7D14EB25724BF300032712 /* Assets.xcassets */ = {isa = PBXFileReference; lastKnownFileType = folder.assetcatalog; path = Assets.xcassets; sourceTree = "<group>"; };
		0F7D14EE25724BF300032712 /* Base */ = {isa = PBXFileReference; lastKnownFileType = file.storyboard; name = Base; path = Base.lproj/LaunchScreen.storyboard; sourceTree = "<group>"; };
		0F7D14F025724BF300032712 /* Info.plist */ = {isa = PBXFileReference; lastKnownFileType = text.plist.xml; path = Info.plist; sourceTree = "<group>"; };
		0F7D14F125724BF300032712 /* main.m */ = {isa = PBXFileReference; lastKnownFileType = sourcecode.c.objc; path = main.m; sourceTree = "<group>"; };
		0F7D14FA25725D9F00032712 /* MainViewController.h */ = {isa = PBXFileReference; lastKnownFileType = sourcecode.c.h; path = MainViewController.h; sourceTree = "<group>"; };
		0F7D14FB25725D9F00032712 /* MainViewController.m */ = {isa = PBXFileReference; lastKnownFileType = sourcecode.c.objc; path = MainViewController.m; sourceTree = "<group>"; };
		0F7D14FC25725D9F00032712 /* MainViewController.xib */ = {isa = PBXFileReference; lastKnownFileType = file.xib; path = MainViewController.xib; sourceTree = "<group>"; };
		0F7D51B82589C32A0000AC55 /* Nav-Bridging-Header.h */ = {isa = PBXFileReference; lastKnownFileType = sourcecode.c.h; path = "Nav-Bridging-Header.h"; sourceTree = "<group>"; };
		0F7D51B92589C32A0000AC55 /* PersonViewController.swift */ = {isa = PBXFileReference; lastKnownFileType = sourcecode.swift; path = PersonViewController.swift; sourceTree = "<group>"; };
		0F7D51BA2589C32A0000AC55 /* PersonViewController.xib */ = {isa = PBXFileReference; lastKnownFileType = file.xib; path = PersonViewController.xib; sourceTree = "<group>"; };
		0F8540B7257F6AE60007D1FF /* zh-Hans */ = {isa = PBXFileReference; lastKnownFileType = text.plist.strings; name = "zh-Hans"; path = "zh-Hans.lproj/LaunchScreen.strings"; sourceTree = "<group>"; };
		0F8540B8257F6AE60007D1FF /* zh-Hans */ = {isa = PBXFileReference; lastKnownFileType = file.storyboard; name = "zh-Hans"; path = "zh-Hans.lproj/Main.storyboard"; sourceTree = "<group>"; };
		0F8540BE257F6B650007D1FF /* ja */ = {isa = PBXFileReference; lastKnownFileType = text.plist.strings; name = ja; path = ja.lproj/Main.strings; sourceTree = "<group>"; };
		0F8540BF257F6B660007D1FF /* ja */ = {isa = PBXFileReference; lastKnownFileType = text.plist.strings; name = ja; path = ja.lproj/LaunchScreen.strings; sourceTree = "<group>"; };
		0F8540C4257F6B900007D1FF /* en */ = {isa = PBXFileReference; lastKnownFileType = text.plist.strings; name = en; path = en.lproj/Localizable1111.strings; sourceTree = "<group>"; };
		0F8540C8257F6BA90007D1FF /* zh-Hans */ = {isa = PBXFileReference; lastKnownFileType = text.plist.strings; name = "zh-Hans"; path = "zh-Hans.lproj/Localizable1111.strings"; sourceTree = "<group>"; };
		0F8540C9257F6BAA0007D1FF /* ja */ = {isa = PBXFileReference; lastKnownFileType = text.plist.strings; name = ja; path = ja.lproj/Localizable1111.strings; sourceTree = "<group>"; };
		0F9B7F0225D261C500703BF2 /* MASCompositeConstraint.h */ = {isa = PBXFileReference; fileEncoding = 4; lastKnownFileType = sourcecode.c.h; path = MASCompositeConstraint.h; sourceTree = "<group>"; };
		0F9B7F0325D261C500703BF2 /* NSLayoutConstraint+MASDebugAdditions.m */ = {isa = PBXFileReference; fileEncoding = 4; lastKnownFileType = sourcecode.c.objc; path = "NSLayoutConstraint+MASDebugAdditions.m"; sourceTree = "<group>"; };
		0F9B7F0425D261C500703BF2 /* MASConstraint+Private.h */ = {isa = PBXFileReference; fileEncoding = 4; lastKnownFileType = sourcecode.c.h; path = "MASConstraint+Private.h"; sourceTree = "<group>"; };
		0F9B7F0525D261C500703BF2 /* MASLayoutConstraint.h */ = {isa = PBXFileReference; fileEncoding = 4; lastKnownFileType = sourcecode.c.h; path = MASLayoutConstraint.h; sourceTree = "<group>"; };
		0F9B7F0625D261C500703BF2 /* NSArray+MASShorthandAdditions.h */ = {isa = PBXFileReference; fileEncoding = 4; lastKnownFileType = sourcecode.c.h; path = "NSArray+MASShorthandAdditions.h"; sourceTree = "<group>"; };
		0F9B7F0725D261C500703BF2 /* MASConstraintMaker.h */ = {isa = PBXFileReference; fileEncoding = 4; lastKnownFileType = sourcecode.c.h; path = MASConstraintMaker.h; sourceTree = "<group>"; };
		0F9B7F0825D261C500703BF2 /* View+MASAdditions.h */ = {isa = PBXFileReference; fileEncoding = 4; lastKnownFileType = sourcecode.c.h; path = "View+MASAdditions.h"; sourceTree = "<group>"; };
		0F9B7F0925D261C500703BF2 /* NSArray+MASAdditions.h */ = {isa = PBXFileReference; fileEncoding = 4; lastKnownFileType = sourcecode.c.h; path = "NSArray+MASAdditions.h"; sourceTree = "<group>"; };
		0F9B7F0A25D261C500703BF2 /* MASUtilities.h */ = {isa = PBXFileReference; fileEncoding = 4; lastKnownFileType = sourcecode.c.h; path = MASUtilities.h; sourceTree = "<group>"; };
		0F9B7F0B25D261C500703BF2 /* MASViewAttribute.h */ = {isa = PBXFileReference; fileEncoding = 4; lastKnownFileType = sourcecode.c.h; path = MASViewAttribute.h; sourceTree = "<group>"; };
		0F9B7F0C25D261C500703BF2 /* ViewController+MASAdditions.m */ = {isa = PBXFileReference; fileEncoding = 4; lastKnownFileType = sourcecode.c.objc; path = "ViewController+MASAdditions.m"; sourceTree = "<group>"; };
		0F9B7F0D25D261C500703BF2 /* MASViewConstraint.h */ = {isa = PBXFileReference; fileEncoding = 4; lastKnownFileType = sourcecode.c.h; path = MASViewConstraint.h; sourceTree = "<group>"; };
		0F9B7F0E25D261C500703BF2 /* MASConstraint.h */ = {isa = PBXFileReference; fileEncoding = 4; lastKnownFileType = sourcecode.c.h; path = MASConstraint.h; sourceTree = "<group>"; };
		0F9B7F0F25D261C500703BF2 /* NSLayoutConstraint+MASDebugAdditions.h */ = {isa = PBXFileReference; fileEncoding = 4; lastKnownFileType = sourcecode.c.h; path = "NSLayoutConstraint+MASDebugAdditions.h"; sourceTree = "<group>"; };
		0F9B7F1025D261C500703BF2 /* MASCompositeConstraint.m */ = {isa = PBXFileReference; fileEncoding = 4; lastKnownFileType = sourcecode.c.objc; path = MASCompositeConstraint.m; sourceTree = "<group>"; };
		0F9B7F1125D261C500703BF2 /* MASConstraintMaker.m */ = {isa = PBXFileReference; fileEncoding = 4; lastKnownFileType = sourcecode.c.objc; path = MASConstraintMaker.m; sourceTree = "<group>"; };
		0F9B7F1225D261C500703BF2 /* MASLayoutConstraint.m */ = {isa = PBXFileReference; fileEncoding = 4; lastKnownFileType = sourcecode.c.objc; path = MASLayoutConstraint.m; sourceTree = "<group>"; };
		0F9B7F1325D261C500703BF2 /* NSArray+MASAdditions.m */ = {isa = PBXFileReference; fileEncoding = 4; lastKnownFileType = sourcecode.c.objc; path = "NSArray+MASAdditions.m"; sourceTree = "<group>"; };
		0F9B7F1425D261C500703BF2 /* View+MASAdditions.m */ = {isa = PBXFileReference; fileEncoding = 4; lastKnownFileType = sourcecode.c.objc; path = "View+MASAdditions.m"; sourceTree = "<group>"; };
		0F9B7F1525D261C500703BF2 /* View+MASShorthandAdditions.h */ = {isa = PBXFileReference; fileEncoding = 4; lastKnownFileType = sourcecode.c.h; path = "View+MASShorthandAdditions.h"; sourceTree = "<group>"; };
		0F9B7F1625D261C500703BF2 /* Masonry.h */ = {isa = PBXFileReference; fileEncoding = 4; lastKnownFileType = sourcecode.c.h; path = Masonry.h; sourceTree = "<group>"; };
		0F9B7F1725D261C500703BF2 /* MASConstraint.m */ = {isa = PBXFileReference; fileEncoding = 4; lastKnownFileType = sourcecode.c.objc; path = MASConstraint.m; sourceTree = "<group>"; };
		0F9B7F1825D261C500703BF2 /* ViewController+MASAdditions.h */ = {isa = PBXFileReference; fileEncoding = 4; lastKnownFileType = sourcecode.c.h; path = "ViewController+MASAdditions.h"; sourceTree = "<group>"; };
		0F9B7F1925D261C500703BF2 /* MASViewConstraint.m */ = {isa = PBXFileReference; fileEncoding = 4; lastKnownFileType = sourcecode.c.objc; path = MASViewConstraint.m; sourceTree = "<group>"; };
		0F9B7F1A25D261C500703BF2 /* MASViewAttribute.m */ = {isa = PBXFileReference; fileEncoding = 4; lastKnownFileType = sourcecode.c.objc; path = MASViewAttribute.m; sourceTree = "<group>"; };
		0FA5D12F259195BB00D785A8 /* FuncMethod.swift */ = {isa = PBXFileReference; lastKnownFileType = sourcecode.swift; path = FuncMethod.swift; sourceTree = "<group>"; };
		0FB2DCD7258B60F600594D81 /* MainAlertView.swift */ = {isa = PBXFileReference; lastKnownFileType = sourcecode.swift; path = MainAlertView.swift; sourceTree = "<group>"; };
		0FB2DCDA258B610500594D81 /* MainAlertView.xib */ = {isa = PBXFileReference; lastKnownFileType = file.xib; path = MainAlertView.xib; sourceTree = "<group>"; };
		0FC59A71258B4A6F009792CC /* NetWork.swift */ = {isa = PBXFileReference; lastKnownFileType = sourcecode.swift; path = NetWork.swift; sourceTree = "<group>"; };
		0FC965BB25A8291200CE4307 /* icon.png */ = {isa = PBXFileReference; lastKnownFileType = image.png; path = icon.png; sourceTree = "<group>"; };
		143A487EFE570B2223F0B1C9 /* Pods-NavDev.release.xcconfig */ = {isa = PBXFileReference; includeInIndex = 1; lastKnownFileType = text.xcconfig; name = "Pods-NavDev.release.xcconfig"; path = "Target Support Files/Pods-NavDev/Pods-NavDev.release.xcconfig"; sourceTree = "<group>"; };
		2164C3EEC81821902F72001A /* Pods-Nav.app store.xcconfig */ = {isa = PBXFileReference; includeInIndex = 1; lastKnownFileType = text.xcconfig; name = "Pods-Nav.app store.xcconfig"; path = "Target Support Files/Pods-Nav/Pods-Nav.app store.xcconfig"; sourceTree = "<group>"; };
		2F9410B8A6CA5F77F14041D8 /* Pods-NavDev.debug.xcconfig */ = {isa = PBXFileReference; includeInIndex = 1; lastKnownFileType = text.xcconfig; name = "Pods-NavDev.debug.xcconfig"; path = "Target Support Files/Pods-NavDev/Pods-NavDev.debug.xcconfig"; sourceTree = "<group>"; };
		3BA8BD20DAAF5C17069EA0C1 /* Pods-NewNav.release.xcconfig */ = {isa = PBXFileReference; includeInIndex = 1; lastKnownFileType = text.xcconfig; name = "Pods-NewNav.release.xcconfig"; path = "Target Support Files/Pods-NewNav/Pods-NewNav.release.xcconfig"; sourceTree = "<group>"; };
		3F506B9225D681E8CCCBE897 /* Pods-Talk.release.xcconfig */ = {isa = PBXFileReference; includeInIndex = 1; lastKnownFileType = text.xcconfig; name = "Pods-Talk.release.xcconfig"; path = "Target Support Files/Pods-Talk/Pods-Talk.release.xcconfig"; sourceTree = "<group>"; };
		42F5259FC7AC6C896D700D9C /* Pods-Nav.developer.xcconfig */ = {isa = PBXFileReference; includeInIndex = 1; lastKnownFileType = text.xcconfig; name = "Pods-Nav.developer.xcconfig"; path = "Target Support Files/Pods-Nav/Pods-Nav.developer.xcconfig"; sourceTree = "<group>"; };
		442AF5A3F92BA694B404ACD9 /* Pods-Nav.debug.xcconfig */ = {isa = PBXFileReference; includeInIndex = 1; lastKnownFileType = text.xcconfig; name = "Pods-Nav.debug.xcconfig"; path = "Target Support Files/Pods-Nav/Pods-Nav.debug.xcconfig"; sourceTree = "<group>"; };
		5A7874BD7B9C3ED182743522 /* Pods_AApp.framework */ = {isa = PBXFileReference; explicitFileType = wrapper.framework; includeInIndex = 0; path = Pods_AApp.framework; sourceTree = BUILT_PRODUCTS_DIR; };
		5F891A4E82EAA13AB480D781 /* Pods-AApp.developer.xcconfig */ = {isa = PBXFileReference; includeInIndex = 1; lastKnownFileType = text.xcconfig; name = "Pods-AApp.developer.xcconfig"; path = "Target Support Files/Pods-AApp/Pods-AApp.developer.xcconfig"; sourceTree = "<group>"; };
		6377A21D0D7245DBFA08EB37 /* Pods_NewNav.framework */ = {isa = PBXFileReference; explicitFileType = wrapper.framework; includeInIndex = 0; path = Pods_NewNav.framework; sourceTree = BUILT_PRODUCTS_DIR; };
		65FE52CF7416CDEDAC9B748F /* Pods-AApp.release.xcconfig */ = {isa = PBXFileReference; includeInIndex = 1; lastKnownFileType = text.xcconfig; name = "Pods-AApp.release.xcconfig"; path = "Target Support Files/Pods-AApp/Pods-AApp.release.xcconfig"; sourceTree = "<group>"; };
		687BB202AF5C827793E07573 /* Pods-Talk.app store.xcconfig */ = {isa = PBXFileReference; includeInIndex = 1; lastKnownFileType = text.xcconfig; name = "Pods-Talk.app store.xcconfig"; path = "Target Support Files/Pods-Talk/Pods-Talk.app store.xcconfig"; sourceTree = "<group>"; };
		7006C15C3E29780B97497155 /* Pods-NewNav.app store.xcconfig */ = {isa = PBXFileReference; includeInIndex = 1; lastKnownFileType = text.xcconfig; name = "Pods-NewNav.app store.xcconfig"; path = "Target Support Files/Pods-NewNav/Pods-NewNav.app store.xcconfig"; sourceTree = "<group>"; };
		785B1AB99AD03BA5467AE291 /* Pods-NewNav.debug.xcconfig */ = {isa = PBXFileReference; includeInIndex = 1; lastKnownFileType = text.xcconfig; name = "Pods-NewNav.debug.xcconfig"; path = "Target Support Files/Pods-NewNav/Pods-NewNav.debug.xcconfig"; sourceTree = "<group>"; };
		976D8A13FA908B5CC8F9D9A7 /* Pods_Nav.framework */ = {isa = PBXFileReference; explicitFileType = wrapper.framework; includeInIndex = 0; path = Pods_Nav.framework; sourceTree = BUILT_PRODUCTS_DIR; };
		C1515C53A6A3AB8FC553E871 /* Pods_Talk.framework */ = {isa = PBXFileReference; explicitFileType = wrapper.framework; includeInIndex = 0; path = Pods_Talk.framework; sourceTree = BUILT_PRODUCTS_DIR; };
		C71DA20AFAA7ECD6F35EEC34 /* Pods-Nav.release.xcconfig */ = {isa = PBXFileReference; includeInIndex = 1; lastKnownFileType = text.xcconfig; name = "Pods-Nav.release.xcconfig"; path = "Target Support Files/Pods-Nav/Pods-Nav.release.xcconfig"; sourceTree = "<group>"; };
		DC2BEE6922AFCB30ABF0EA9F /* Pods-NewNav.developer.xcconfig */ = {isa = PBXFileReference; includeInIndex = 1; lastKnownFileType = text.xcconfig; name = "Pods-NewNav.developer.xcconfig"; path = "Target Support Files/Pods-NewNav/Pods-NewNav.developer.xcconfig"; sourceTree = "<group>"; };
		EA3D3AEE9F64502F8223A55D /* Pods-Talk.debug.xcconfig */ = {isa = PBXFileReference; includeInIndex = 1; lastKnownFileType = text.xcconfig; name = "Pods-Talk.debug.xcconfig"; path = "Target Support Files/Pods-Talk/Pods-Talk.debug.xcconfig"; sourceTree = "<group>"; };
		EC80513CDD77CF7198BDC895 /* Pods_Nav.framework */ = {isa = PBXFileReference; explicitFileType = wrapper.framework; includeInIndex = 0; path = Pods_Nav.framework; sourceTree = BUILT_PRODUCTS_DIR; };
		EDF5E5906053CF94ADE75C0E /* Pods-NavDev.developer.xcconfig */ = {isa = PBXFileReference; includeInIndex = 1; lastKnownFileType = text.xcconfig; name = "Pods-NavDev.developer.xcconfig"; path = "Target Support Files/Pods-NavDev/Pods-NavDev.developer.xcconfig"; sourceTree = "<group>"; };
		F3434CD1377F98725F4F6264 /* Pods-AApp.app store.xcconfig */ = {isa = PBXFileReference; includeInIndex = 1; lastKnownFileType = text.xcconfig; name = "Pods-AApp.app store.xcconfig"; path = "Target Support Files/Pods-AApp/Pods-AApp.app store.xcconfig"; sourceTree = "<group>"; };
/* End PBXFileReference section */

/* Begin PBXFrameworksBuildPhase section */
		0F7D14D925724BEE00032712 /* Frameworks */ = {
			isa = PBXFrameworksBuildPhase;
			buildActionMask = 2147483647;
			files = (
				779D8B88FDC06FA7505515D0 /* (null) in Frameworks */,
				FE8426435FF1B06AB480AF7D /* Pods_Nav.framework in Frameworks */,
				8130D7C0E9C831C45FC07497 /* (null) in Frameworks */,
				1A30690435319AC49D4E08ED /* Pods_Nav.framework in Frameworks */,
			);
			runOnlyForDeploymentPostprocessing = 0;
		};
/* End PBXFrameworksBuildPhase section */

/* Begin PBXGroup section */
		0F0A425D258A12C100332CF9 /* View */ = {
			isa = PBXGroup;
			children = (
				0F0A425E258A12D600332CF9 /* MainTableViewCell.swift */,
				0F0A425F258A12D600332CF9 /* MainTableViewCell.xib */,
				0FB2DCD7258B60F600594D81 /* MainAlertView.swift */,
				0FB2DCDA258B610500594D81 /* MainAlertView.xib */,
			);
			path = View;
			sourceTree = "<group>";
		};
		0F415D2D2578E8890097B468 /* Model */ = {
			isa = PBXGroup;
			children = (
				0F0A426F258AFBE000332CF9 /* PersonModel.swift */,
			);
			path = Model;
			sourceTree = "<group>";
		};
		0F415DA4257A23210097B468 /* Recovered References */ = {
			isa = PBXGroup;
			children = (
				EC80513CDD77CF7198BDC895 /* Pods_Nav.framework */,
			);
			name = "Recovered References";
			sourceTree = "<group>";
		};
		0F7D14D325724BEE00032712 = {
			isa = PBXGroup;
			children = (
				0F7D14DE25724BEE00032712 /* Nav */,
				0F7D14DD25724BEE00032712 /* Products */,
				E81395CA2948EBA0BD0C9DB2 /* Pods */,
				EF827CE251F8155FAE99BD91 /* Frameworks */,
				0F415DA4257A23210097B468 /* Recovered References */,
			);
			sourceTree = "<group>";
		};
		0F7D14DD25724BEE00032712 /* Products */ = {
			isa = PBXGroup;
			children = (
				0F7D14DC25724BEE00032712 /* Nav.app */,
			);
			name = Products;
			sourceTree = "<group>";
		};
		0F7D14DE25724BEE00032712 /* Nav */ = {
			isa = PBXGroup;
			children = (
				0F9B7F0125D261C500703BF2 /* Masonry */,
				0F415D2D2578E8890097B468 /* Model */,
				0F0A425D258A12C100332CF9 /* View */,
				0F7D14DF25724BEE00032712 /* AppDelegate.h */,
				0F7D14E025724BEE00032712 /* AppDelegate.m */,
				0F0A4298258B340D00332CF9 /* NetWorkUrl.swift */,
				0FC59A71258B4A6F009792CC /* NetWork.swift */,
				0F7D14E225724BEE00032712 /* SceneDelegate.h */,
				0F7D14E325724BEE00032712 /* SceneDelegate.m */,
				0F7D14E525724BEE00032712 /* ViewController.h */,
				0F7D14E625724BEE00032712 /* ViewController.m */,
				0F484C1425CFDD0400ED367C /* Header.h */,
				0F484C0D25CFC70700ED367C /* Test.h */,
				0F484C0E25CFC70700ED367C /* Test.m */,
				0F4894BD25D1474600B61B36 /* Test+Load.h */,
				0F4894BE25D1474600B61B36 /* Test+Load.m */,
				0F4894B925D1465200B61B36 /* SubTest.h */,
				0F4894BA25D1465200B61B36 /* SubTest.m */,
				0F7D51B92589C32A0000AC55 /* PersonViewController.swift */,
				0F58692725B7C14500EE6B3F /* PersonHeader.swift */,
				0F47709125B923D30031BE7A /* LandmarkList.swift */,
				0F47709425B924300031BE7A /* Landmark.swift */,
				0F47709725B9256E0031BE7A /* LandmarkRow.swift */,
				0F47709A25B92ACF0031BE7A /* ListDetail.swift */,
				0F7D51BA2589C32A0000AC55 /* PersonViewController.xib */,
				0F0A4273258B08A400332CF9 /* DetailViewController.swift */,
				0FA5D12F259195BB00D785A8 /* FuncMethod.swift */,
				0F7D14FA25725D9F00032712 /* MainViewController.h */,
				0F7D14FB25725D9F00032712 /* MainViewController.m */,
				0F7D14FC25725D9F00032712 /* MainViewController.xib */,
				0F7D14E825724BEE00032712 /* Main.storyboard */,
				0F7D14EB25724BF300032712 /* Assets.xcassets */,
				0F7D14ED25724BF300032712 /* LaunchScreen.storyboard */,
				0F7D14F025724BF300032712 /* Info.plist */,
				0FC965BB25A8291200CE4307 /* icon.png */,
				0F7D14F125724BF300032712 /* main.m */,
				0F8540C5257F6B900007D1FF /* Localizable1111.strings */,
				0F7D51B82589C32A0000AC55 /* Nav-Bridging-Header.h */,
			);
			path = Nav;
			sourceTree = "<group>";
		};
		0F9B7F0125D261C500703BF2 /* Masonry */ = {
			isa = PBXGroup;
			children = (
				0F9B7F0225D261C500703BF2 /* MASCompositeConstraint.h */,
				0F9B7F1025D261C500703BF2 /* MASCompositeConstraint.m */,
				0F9B7F0E25D261C500703BF2 /* MASConstraint.h */,
				0F9B7F1725D261C500703BF2 /* MASConstraint.m */,
				0F9B7F0425D261C500703BF2 /* MASConstraint+Private.h */,
				0F9B7F0725D261C500703BF2 /* MASConstraintMaker.h */,
				0F9B7F1125D261C500703BF2 /* MASConstraintMaker.m */,
				0F9B7F0525D261C500703BF2 /* MASLayoutConstraint.h */,
				0F9B7F1225D261C500703BF2 /* MASLayoutConstraint.m */,
				0F9B7F1625D261C500703BF2 /* Masonry.h */,
				0F9B7F0A25D261C500703BF2 /* MASUtilities.h */,
				0F9B7F0B25D261C500703BF2 /* MASViewAttribute.h */,
				0F9B7F1A25D261C500703BF2 /* MASViewAttribute.m */,
				0F9B7F0D25D261C500703BF2 /* MASViewConstraint.h */,
				0F9B7F1925D261C500703BF2 /* MASViewConstraint.m */,
				0F9B7F0925D261C500703BF2 /* NSArray+MASAdditions.h */,
				0F9B7F1325D261C500703BF2 /* NSArray+MASAdditions.m */,
				0F9B7F0625D261C500703BF2 /* NSArray+MASShorthandAdditions.h */,
				0F9B7F0F25D261C500703BF2 /* NSLayoutConstraint+MASDebugAdditions.h */,
				0F9B7F0325D261C500703BF2 /* NSLayoutConstraint+MASDebugAdditions.m */,
				0F9B7F0825D261C500703BF2 /* View+MASAdditions.h */,
				0F9B7F1425D261C500703BF2 /* View+MASAdditions.m */,
				0F9B7F1525D261C500703BF2 /* View+MASShorthandAdditions.h */,
				0F9B7F1825D261C500703BF2 /* ViewController+MASAdditions.h */,
				0F9B7F0C25D261C500703BF2 /* ViewController+MASAdditions.m */,
			);
			path = Masonry;
			sourceTree = "<group>";
		};
		E81395CA2948EBA0BD0C9DB2 /* Pods */ = {
			isa = PBXGroup;
			children = (
				442AF5A3F92BA694B404ACD9 /* Pods-Nav.debug.xcconfig */,
				C71DA20AFAA7ECD6F35EEC34 /* Pods-Nav.release.xcconfig */,
				2F9410B8A6CA5F77F14041D8 /* Pods-NavDev.debug.xcconfig */,
				143A487EFE570B2223F0B1C9 /* Pods-NavDev.release.xcconfig */,
				42F5259FC7AC6C896D700D9C /* Pods-Nav.developer.xcconfig */,
				EDF5E5906053CF94ADE75C0E /* Pods-NavDev.developer.xcconfig */,
				067EF1B140A4A2D5970892CD /* Pods-AApp.debug.xcconfig */,
				5F891A4E82EAA13AB480D781 /* Pods-AApp.developer.xcconfig */,
				65FE52CF7416CDEDAC9B748F /* Pods-AApp.release.xcconfig */,
				785B1AB99AD03BA5467AE291 /* Pods-NewNav.debug.xcconfig */,
				DC2BEE6922AFCB30ABF0EA9F /* Pods-NewNav.developer.xcconfig */,
				3BA8BD20DAAF5C17069EA0C1 /* Pods-NewNav.release.xcconfig */,
				F3434CD1377F98725F4F6264 /* Pods-AApp.app store.xcconfig */,
				2164C3EEC81821902F72001A /* Pods-Nav.app store.xcconfig */,
				7006C15C3E29780B97497155 /* Pods-NewNav.app store.xcconfig */,
				EA3D3AEE9F64502F8223A55D /* Pods-Talk.debug.xcconfig */,
				687BB202AF5C827793E07573 /* Pods-Talk.app store.xcconfig */,
				0C729671CF89D9091BFACDBC /* Pods-Talk.developer.xcconfig */,
				3F506B9225D681E8CCCBE897 /* Pods-Talk.release.xcconfig */,
			);
			path = Pods;
			sourceTree = "<group>";
		};
		EF827CE251F8155FAE99BD91 /* Frameworks */ = {
			isa = PBXGroup;
			children = (
				078395D64E84B33EECB6E256 /* Pods_NavDev.framework */,
				5A7874BD7B9C3ED182743522 /* Pods_AApp.framework */,
				6377A21D0D7245DBFA08EB37 /* Pods_NewNav.framework */,
				C1515C53A6A3AB8FC553E871 /* Pods_Talk.framework */,
				976D8A13FA908B5CC8F9D9A7 /* Pods_Nav.framework */,
			);
			name = Frameworks;
			sourceTree = "<group>";
		};
/* End PBXGroup section */

/* Begin PBXNativeTarget section */
		0F7D14DB25724BEE00032712 /* Nav */ = {
			isa = PBXNativeTarget;
			buildConfigurationList = 0F7D14F525724BF300032712 /* Build configuration list for PBXNativeTarget "Nav" */;
			buildPhases = (
				874CD28231B3139AF2F6BE11 /* [CP] Check Pods Manifest.lock */,
				0F7D14D825724BEE00032712 /* Sources */,
				0F7D14D925724BEE00032712 /* Frameworks */,
				0F7D14DA25724BEE00032712 /* Resources */,
				B6DC78E306DE6B2D134C44A5 /* [CP] Embed Pods Frameworks */,
			);
			buildRules = (
			);
			dependencies = (
			);
			name = Nav;
			productName = Nav;
			productReference = 0F7D14DC25724BEE00032712 /* Nav.app */;
			productType = "com.apple.product-type.application";
		};
/* End PBXNativeTarget section */

/* Begin PBXProject section */
		0F7D14D425724BEE00032712 /* Project object */ = {
			isa = PBXProject;
			attributes = {
				LastUpgradeCheck = 1220;
				TargetAttributes = {
					0F7D14DB25724BEE00032712 = {
						CreatedOnToolsVersion = 12.2;
						LastSwiftMigration = 1230;
					};
				};
			};
			buildConfigurationList = 0F7D14D725724BEE00032712 /* Build configuration list for PBXProject "Nav" */;
			compatibilityVersion = "Xcode 12.0";
			developmentRegion = en;
			hasScannedForEncodings = 0;
			knownRegions = (
				en,
				Base,
				"zh-Hans",
				ja,
			);
			mainGroup = 0F7D14D325724BEE00032712;
			productRefGroup = 0F7D14DD25724BEE00032712 /* Products */;
			projectDirPath = "";
			projectRoot = "";
			targets = (
				0F7D14DB25724BEE00032712 /* Nav */,
			);
		};
/* End PBXProject section */

/* Begin PBXResourcesBuildPhase section */
		0F7D14DA25724BEE00032712 /* Resources */ = {
			isa = PBXResourcesBuildPhase;
			buildActionMask = 2147483647;
			files = (
				0F8540C2257F6B900007D1FF /* Localizable1111.strings in Resources */,
				0F7D14EF25724BF300032712 /* LaunchScreen.storyboard in Resources */,
				0FC965BC25A8291200CE4307 /* icon.png in Resources */,
				0FB2DCDB258B610500594D81 /* MainAlertView.xib in Resources */,
				0F7D14EC25724BF300032712 /* Assets.xcassets in Resources */,
				0F7D51BC2589C32A0000AC55 /* PersonViewController.xib in Resources */,
				0F0A4261258A12D600332CF9 /* MainTableViewCell.xib in Resources */,
				0F7D14EA25724BEE00032712 /* Main.storyboard in Resources */,
				0F7D14FE25725D9F00032712 /* MainViewController.xib in Resources */,
			);
			runOnlyForDeploymentPostprocessing = 0;
		};
/* End PBXResourcesBuildPhase section */

/* Begin PBXShellScriptBuildPhase section */
		874CD28231B3139AF2F6BE11 /* [CP] Check Pods Manifest.lock */ = {
			isa = PBXShellScriptBuildPhase;
			buildActionMask = 2147483647;
			files = (
			);
			inputFileListPaths = (
			);
			inputPaths = (
				"${PODS_PODFILE_DIR_PATH}/Podfile.lock",
				"${PODS_ROOT}/Manifest.lock",
			);
			name = "[CP] Check Pods Manifest.lock";
			outputFileListPaths = (
			);
			outputPaths = (
				"$(DERIVED_FILE_DIR)/Pods-Nav-checkManifestLockResult.txt",
			);
			runOnlyForDeploymentPostprocessing = 0;
			shellPath = /bin/sh;
			shellScript = "diff \"${PODS_PODFILE_DIR_PATH}/Podfile.lock\" \"${PODS_ROOT}/Manifest.lock\" > /dev/null\nif [ $? != 0 ] ; then\n    # print error to STDERR\n    echo \"error: The sandbox is not in sync with the Podfile.lock. Run 'pod install' or update your CocoaPods installation.\" >&2\n    exit 1\nfi\n# This output is used by Xcode 'outputs' to avoid re-running this script phase.\necho \"SUCCESS\" > \"${SCRIPT_OUTPUT_FILE_0}\"\n";
			showEnvVarsInLog = 0;
		};
		B6DC78E306DE6B2D134C44A5 /* [CP] Embed Pods Frameworks */ = {
			isa = PBXShellScriptBuildPhase;
			buildActionMask = 2147483647;
			files = (
			);
			inputFileListPaths = (
				"${PODS_ROOT}/Target Support Files/Pods-Nav/Pods-Nav-frameworks-${CONFIGURATION}-input-files.xcfilelist",
			);
			name = "[CP] Embed Pods Frameworks";
			outputFileListPaths = (
				"${PODS_ROOT}/Target Support Files/Pods-Nav/Pods-Nav-frameworks-${CONFIGURATION}-output-files.xcfilelist",
			);
			runOnlyForDeploymentPostprocessing = 0;
			shellPath = /bin/sh;
			shellScript = "\"${PODS_ROOT}/Target Support Files/Pods-Nav/Pods-Nav-frameworks.sh\"\n";
			showEnvVarsInLog = 0;
		};
/* End PBXShellScriptBuildPhase section */

/* Begin PBXSourcesBuildPhase section */
		0F7D14D825724BEE00032712 /* Sources */ = {
			isa = PBXSourcesBuildPhase;
			buildActionMask = 2147483647;
			files = (
				0F0A4274258B08A400332CF9 /* DetailViewController.swift in Sources */,
				0F47709825B9256E0031BE7A /* LandmarkRow.swift in Sources */,
				0F4894BB25D1465200B61B36 /* SubTest.m in Sources */,
				0F484C0F25CFC70700ED367C /* Test.m in Sources */,
				0F9B7F1D25D261C500703BF2 /* MASCompositeConstraint.m in Sources */,
				0F7D14E725724BEE00032712 /* ViewController.m in Sources */,
				0F9B7F1F25D261C500703BF2 /* MASLayoutConstraint.m in Sources */,
				0FC59A72258B4A6F009792CC /* NetWork.swift in Sources */,
				0F47709525B924300031BE7A /* Landmark.swift in Sources */,
				0F58692825B7C14500EE6B3F /* PersonHeader.swift in Sources */,
				0F47709225B923D30031BE7A /* LandmarkList.swift in Sources */,
				0FA5D130259195BB00D785A8 /* FuncMethod.swift in Sources */,
				0F4894BF25D1474600B61B36 /* Test+Load.m in Sources */,
				0F9B7F1B25D261C500703BF2 /* NSLayoutConstraint+MASDebugAdditions.m in Sources */,
				0F7D51BB2589C32A0000AC55 /* PersonViewController.swift in Sources */,
				0F9B7F2325D261C500703BF2 /* MASViewConstraint.m in Sources */,
				0F9B7F1C25D261C500703BF2 /* ViewController+MASAdditions.m in Sources */,
				0F7D14E125724BEE00032712 /* AppDelegate.m in Sources */,
				0F47709B25B92ACF0031BE7A /* ListDetail.swift in Sources */,
				0F0A4299258B340D00332CF9 /* NetWorkUrl.swift in Sources */,
				0FB2DCD8258B60F600594D81 /* MainAlertView.swift in Sources */,
				0F9B7F2125D261C500703BF2 /* View+MASAdditions.m in Sources */,
				0F9B7F2425D261C500703BF2 /* MASViewAttribute.m in Sources */,
				0F0A4260258A12D600332CF9 /* MainTableViewCell.swift in Sources */,
				0F9B7F2225D261C500703BF2 /* MASConstraint.m in Sources */,
				0F0A4270258AFBE000332CF9 /* PersonModel.swift in Sources */,
				0F9B7F1E25D261C500703BF2 /* MASConstraintMaker.m in Sources */,
				0F9B7F2025D261C500703BF2 /* NSArray+MASAdditions.m in Sources */,
				0F7D14F225724BF300032712 /* main.m in Sources */,
				0F7D14FD25725D9F00032712 /* MainViewController.m in Sources */,
				0F7D14E425724BEE00032712 /* SceneDelegate.m in Sources */,
			);
			runOnlyForDeploymentPostprocessing = 0;
		};
/* End PBXSourcesBuildPhase section */

/* Begin PBXVariantGroup section */
		0F7D14E825724BEE00032712 /* Main.storyboard */ = {
			isa = PBXVariantGroup;
			children = (
				0F7D14E925724BEE00032712 /* Base */,
				0F8540B8257F6AE60007D1FF /* zh-Hans */,
				0F8540BE257F6B650007D1FF /* ja */,
			);
			name = Main.storyboard;
			sourceTree = "<group>";
		};
		0F7D14ED25724BF300032712 /* LaunchScreen.storyboard */ = {
			isa = PBXVariantGroup;
			children = (
				0F7D14EE25724BF300032712 /* Base */,
				0F8540B7257F6AE60007D1FF /* zh-Hans */,
				0F8540BF257F6B660007D1FF /* ja */,
			);
			name = LaunchScreen.storyboard;
			sourceTree = "<group>";
		};
		0F8540C5257F6B900007D1FF /* Localizable1111.strings */ = {
			isa = PBXVariantGroup;
			children = (
				0F8540C4257F6B900007D1FF /* en */,
				0F8540C8257F6BA90007D1FF /* zh-Hans */,
				0F8540C9257F6BAA0007D1FF /* ja */,
			);
			name = Localizable1111.strings;
			sourceTree = "<group>";
		};
/* End PBXVariantGroup section */

/* Begin XCBuildConfiguration section */
		0F415D372579D1A70097B468 /* Developer */ = {
			isa = XCBuildConfiguration;
			buildSettings = {
				ALWAYS_SEARCH_USER_PATHS = NO;
				CLANG_ANALYZER_LOCALIZABILITY_NONLOCALIZED = YES;
				CLANG_ANALYZER_NONNULL = YES;
				CLANG_ANALYZER_NUMBER_OBJECT_CONVERSION = YES_AGGRESSIVE;
				CLANG_CXX_LANGUAGE_STANDARD = "gnu++14";
				CLANG_CXX_LIBRARY = "libc++";
				CLANG_ENABLE_MODULES = YES;
				CLANG_ENABLE_OBJC_ARC = YES;
				CLANG_ENABLE_OBJC_WEAK = YES;
				CLANG_WARN_BLOCK_CAPTURE_AUTORELEASING = YES;
				CLANG_WARN_BOOL_CONVERSION = YES;
				CLANG_WARN_COMMA = YES;
				CLANG_WARN_CONSTANT_CONVERSION = YES;
				CLANG_WARN_DEPRECATED_OBJC_IMPLEMENTATIONS = YES;
				CLANG_WARN_DIRECT_OBJC_ISA_USAGE = YES_ERROR;
				CLANG_WARN_DOCUMENTATION_COMMENTS = YES;
				CLANG_WARN_EMPTY_BODY = YES;
				CLANG_WARN_ENUM_CONVERSION = YES;
				CLANG_WARN_INFINITE_RECURSION = YES;
				CLANG_WARN_INT_CONVERSION = YES;
				CLANG_WARN_NON_LITERAL_NULL_CONVERSION = YES;
				CLANG_WARN_OBJC_IMPLICIT_RETAIN_SELF = YES;
				CLANG_WARN_OBJC_LITERAL_CONVERSION = YES;
				CLANG_WARN_OBJC_ROOT_CLASS = YES_ERROR;
				CLANG_WARN_QUOTED_INCLUDE_IN_FRAMEWORK_HEADER = YES;
				CLANG_WARN_RANGE_LOOP_ANALYSIS = YES;
				CLANG_WARN_STRICT_PROTOTYPES = YES;
				CLANG_WARN_SUSPICIOUS_MOVE = YES;
				CLANG_WARN_UNGUARDED_AVAILABILITY = YES_AGGRESSIVE;
				CLANG_WARN_UNREACHABLE_CODE = YES;
				CLANG_WARN__DUPLICATE_METHOD_MATCH = YES;
				COPY_PHASE_STRIP = NO;
				CustomAppBundleId = com.maiyou.Nav.Developer;
				CustomProjectName = Developer;
				DEBUG_INFORMATION_FORMAT = dwarf;
				ENABLE_STRICT_OBJC_MSGSEND = YES;
				ENABLE_TESTABILITY = YES;
				GCC_C_LANGUAGE_STANDARD = gnu11;
				GCC_DYNAMIC_NO_PIC = NO;
				GCC_NO_COMMON_BLOCKS = YES;
				GCC_OPTIMIZATION_LEVEL = 0;
				GCC_PREPROCESSOR_DEFINITIONS = (
					"DEBUG=1",
					"$(inherited)",
				);
				GCC_WARN_64_TO_32_BIT_CONVERSION = YES;
				GCC_WARN_ABOUT_RETURN_TYPE = YES_ERROR;
				GCC_WARN_UNDECLARED_SELECTOR = YES;
				GCC_WARN_UNINITIALIZED_AUTOS = YES_AGGRESSIVE;
				GCC_WARN_UNUSED_FUNCTION = YES;
				GCC_WARN_UNUSED_VARIABLE = YES;
				IPHONEOS_DEPLOYMENT_TARGET = 14.2;
				MTL_ENABLE_DEBUG_INFO = INCLUDE_SOURCE;
				MTL_FAST_MATH = YES;
				ONLY_ACTIVE_ARCH = YES;
				SDKROOT = iphoneos;
			};
			name = Developer;
		};
		0F415D382579D1A70097B468 /* Developer */ = {
			isa = XCBuildConfiguration;
			baseConfigurationReference = 42F5259FC7AC6C896D700D9C /* Pods-Nav.developer.xcconfig */;
			buildSettings = {
				ASSETCATALOG_COMPILER_APPICON_NAME = AppIconDeveloper;
				ASSETCATALOG_COMPILER_GLOBAL_ACCENT_COLOR_NAME = AccentColor;
				CLANG_ENABLE_MODULES = YES;
				CLANG_WARN_OBJC_IMPLICIT_RETAIN_SELF = NO;
				CODE_SIGN_IDENTITY = "Apple Development";
				CODE_SIGN_STYLE = Automatic;
				CustomAppBundleId = com.pinwen.Nav.Developer;
				DEVELOPMENT_TEAM = WSG2DVGG97;
				GCC_PREPROCESSOR_DEFINITIONS = (
					"$(inherited)",
					"COCOAPODS=1",
					NavDeveloper,
					Nav,
				);
				INFOPLIST_FILE = Nav/Info.plist;
				IPHONEOS_DEPLOYMENT_TARGET = 14.0;
				LD_RUNPATH_SEARCH_PATHS = (
					"$(inherited)",
					"@executable_path/Frameworks",
				);
				PRODUCT_BUNDLE_IDENTIFIER = com.pinwe.Nav;
				PRODUCT_NAME = "$(TARGET_NAME)";
				PROVISIONING_PROFILE_SPECIFIER = "";
				SWIFT_OBJC_BRIDGING_HEADER = "Nav/Nav-Bridging-Header.h";
				SWIFT_OPTIMIZATION_LEVEL = "-Onone";
				SWIFT_VERSION = 5.0;
				TARGETED_DEVICE_FAMILY = "1,2";
			};
			name = Developer;
		};
		0F7D14F325724BF300032712 /* Debug */ = {
			isa = XCBuildConfiguration;
			buildSettings = {
				ALWAYS_SEARCH_USER_PATHS = NO;
				CLANG_ANALYZER_LOCALIZABILITY_NONLOCALIZED = YES;
				CLANG_ANALYZER_NONNULL = YES;
				CLANG_ANALYZER_NUMBER_OBJECT_CONVERSION = YES_AGGRESSIVE;
				CLANG_CXX_LANGUAGE_STANDARD = "gnu++14";
				CLANG_CXX_LIBRARY = "libc++";
				CLANG_ENABLE_MODULES = YES;
				CLANG_ENABLE_OBJC_ARC = YES;
				CLANG_ENABLE_OBJC_WEAK = YES;
				CLANG_WARN_BLOCK_CAPTURE_AUTORELEASING = YES;
				CLANG_WARN_BOOL_CONVERSION = YES;
				CLANG_WARN_COMMA = YES;
				CLANG_WARN_CONSTANT_CONVERSION = YES;
				CLANG_WARN_DEPRECATED_OBJC_IMPLEMENTATIONS = YES;
				CLANG_WARN_DIRECT_OBJC_ISA_USAGE = YES_ERROR;
				CLANG_WARN_DOCUMENTATION_COMMENTS = YES;
				CLANG_WARN_EMPTY_BODY = YES;
				CLANG_WARN_ENUM_CONVERSION = YES;
				CLANG_WARN_INFINITE_RECURSION = YES;
				CLANG_WARN_INT_CONVERSION = YES;
				CLANG_WARN_NON_LITERAL_NULL_CONVERSION = YES;
				CLANG_WARN_OBJC_IMPLICIT_RETAIN_SELF = YES;
				CLANG_WARN_OBJC_LITERAL_CONVERSION = YES;
				CLANG_WARN_OBJC_ROOT_CLASS = YES_ERROR;
				CLANG_WARN_QUOTED_INCLUDE_IN_FRAMEWORK_HEADER = YES;
				CLANG_WARN_RANGE_LOOP_ANALYSIS = YES;
				CLANG_WARN_STRICT_PROTOTYPES = YES;
				CLANG_WARN_SUSPICIOUS_MOVE = YES;
				CLANG_WARN_UNGUARDED_AVAILABILITY = YES_AGGRESSIVE;
				CLANG_WARN_UNREACHABLE_CODE = YES;
				CLANG_WARN__DUPLICATE_METHOD_MATCH = YES;
				COPY_PHASE_STRIP = NO;
				CustomAppBundleId = com.maiyou.Nav.Debug;
				CustomProjectName = Debug;
				DEBUG_INFORMATION_FORMAT = dwarf;
				ENABLE_STRICT_OBJC_MSGSEND = YES;
				ENABLE_TESTABILITY = YES;
				GCC_C_LANGUAGE_STANDARD = gnu11;
				GCC_DYNAMIC_NO_PIC = NO;
				GCC_NO_COMMON_BLOCKS = YES;
				GCC_OPTIMIZATION_LEVEL = 0;
				GCC_PREPROCESSOR_DEFINITIONS = (
					"DEBUG=1",
					"$(inherited)",
				);
				GCC_WARN_64_TO_32_BIT_CONVERSION = YES;
				GCC_WARN_ABOUT_RETURN_TYPE = YES_ERROR;
				GCC_WARN_UNDECLARED_SELECTOR = YES;
				GCC_WARN_UNINITIALIZED_AUTOS = YES_AGGRESSIVE;
				GCC_WARN_UNUSED_FUNCTION = YES;
				GCC_WARN_UNUSED_VARIABLE = YES;
				IPHONEOS_DEPLOYMENT_TARGET = 14.2;
				MTL_ENABLE_DEBUG_INFO = INCLUDE_SOURCE;
				MTL_FAST_MATH = YES;
				ONLY_ACTIVE_ARCH = YES;
				SDKROOT = iphoneos;
			};
			name = Debug;
		};
		0F7D14F425724BF300032712 /* Release */ = {
			isa = XCBuildConfiguration;
			buildSettings = {
				ALWAYS_SEARCH_USER_PATHS = NO;
				CLANG_ANALYZER_LOCALIZABILITY_NONLOCALIZED = YES;
				CLANG_ANALYZER_NONNULL = YES;
				CLANG_ANALYZER_NUMBER_OBJECT_CONVERSION = YES_AGGRESSIVE;
				CLANG_CXX_LANGUAGE_STANDARD = "gnu++14";
				CLANG_CXX_LIBRARY = "libc++";
				CLANG_ENABLE_MODULES = YES;
				CLANG_ENABLE_OBJC_ARC = YES;
				CLANG_ENABLE_OBJC_WEAK = YES;
				CLANG_WARN_BLOCK_CAPTURE_AUTORELEASING = YES;
				CLANG_WARN_BOOL_CONVERSION = YES;
				CLANG_WARN_COMMA = YES;
				CLANG_WARN_CONSTANT_CONVERSION = YES;
				CLANG_WARN_DEPRECATED_OBJC_IMPLEMENTATIONS = YES;
				CLANG_WARN_DIRECT_OBJC_ISA_USAGE = YES_ERROR;
				CLANG_WARN_DOCUMENTATION_COMMENTS = YES;
				CLANG_WARN_EMPTY_BODY = YES;
				CLANG_WARN_ENUM_CONVERSION = YES;
				CLANG_WARN_INFINITE_RECURSION = YES;
				CLANG_WARN_INT_CONVERSION = YES;
				CLANG_WARN_NON_LITERAL_NULL_CONVERSION = YES;
				CLANG_WARN_OBJC_IMPLICIT_RETAIN_SELF = YES;
				CLANG_WARN_OBJC_LITERAL_CONVERSION = YES;
				CLANG_WARN_OBJC_ROOT_CLASS = YES_ERROR;
				CLANG_WARN_QUOTED_INCLUDE_IN_FRAMEWORK_HEADER = YES;
				CLANG_WARN_RANGE_LOOP_ANALYSIS = YES;
				CLANG_WARN_STRICT_PROTOTYPES = YES;
				CLANG_WARN_SUSPICIOUS_MOVE = YES;
				CLANG_WARN_UNGUARDED_AVAILABILITY = YES_AGGRESSIVE;
				CLANG_WARN_UNREACHABLE_CODE = YES;
				CLANG_WARN__DUPLICATE_METHOD_MATCH = YES;
				COPY_PHASE_STRIP = NO;
				CustomAppBundleId = com.maiyou.Nav.Release;
				CustomProjectName = Release;
				DEBUG_INFORMATION_FORMAT = "dwarf-with-dsym";
				ENABLE_NS_ASSERTIONS = NO;
				ENABLE_STRICT_OBJC_MSGSEND = YES;
				GCC_C_LANGUAGE_STANDARD = gnu11;
				GCC_NO_COMMON_BLOCKS = YES;
				GCC_WARN_64_TO_32_BIT_CONVERSION = YES;
				GCC_WARN_ABOUT_RETURN_TYPE = YES_ERROR;
				GCC_WARN_UNDECLARED_SELECTOR = YES;
				GCC_WARN_UNINITIALIZED_AUTOS = YES_AGGRESSIVE;
				GCC_WARN_UNUSED_FUNCTION = YES;
				GCC_WARN_UNUSED_VARIABLE = YES;
				IPHONEOS_DEPLOYMENT_TARGET = 14.2;
				MTL_ENABLE_DEBUG_INFO = NO;
				MTL_FAST_MATH = YES;
				SDKROOT = iphoneos;
				VALIDATE_PRODUCT = YES;
			};
			name = Release;
		};
		0F7D14F625724BF300032712 /* Debug */ = {
			isa = XCBuildConfiguration;
			baseConfigurationReference = 442AF5A3F92BA694B404ACD9 /* Pods-Nav.debug.xcconfig */;
			buildSettings = {
				ASSETCATALOG_COMPILER_APPICON_NAME = AppIconDebug;
				ASSETCATALOG_COMPILER_GLOBAL_ACCENT_COLOR_NAME = AccentColor;
				CLANG_ENABLE_MODULES = YES;
				CLANG_WARN_OBJC_IMPLICIT_RETAIN_SELF = NO;
				CODE_SIGN_IDENTITY = "Apple Development";
				CODE_SIGN_STYLE = Automatic;
				CustomAppBundleId = com.pinwen.Nav.Debug;
				DEVELOPMENT_TEAM = WSG2DVGG97;
				GCC_PREPROCESSOR_DEFINITIONS = (
					"$(inherited)",
					"COCOAPODS=1",
					NavDebug,
					Nav,
				);
				INFOPLIST_FILE = Nav/Info.plist;
				IPHONEOS_DEPLOYMENT_TARGET = 14.0;
				LD_RUNPATH_SEARCH_PATHS = (
					"$(inherited)",
					"@executable_path/Frameworks",
				);
				PRODUCT_BUNDLE_IDENTIFIER = com.pinwe.Nav;
				PRODUCT_NAME = "$(TARGET_NAME)";
				PROVISIONING_PROFILE_SPECIFIER = "";
				SWIFT_OBJC_BRIDGING_HEADER = "Nav/Nav-Bridging-Header.h";
				SWIFT_OPTIMIZATION_LEVEL = "-Onone";
				SWIFT_VERSION = 5.0;
				TARGETED_DEVICE_FAMILY = "1,2";
			};
			name = Debug;
		};
		0F7D14F725724BF300032712 /* Release */ = {
			isa = XCBuildConfiguration;
			baseConfigurationReference = C71DA20AFAA7ECD6F35EEC34 /* Pods-Nav.release.xcconfig */;
			buildSettings = {
				ASSETCATALOG_COMPILER_APPICON_NAME = AppIconRelease;
				ASSETCATALOG_COMPILER_GLOBAL_ACCENT_COLOR_NAME = AccentColor;
				CLANG_ENABLE_MODULES = YES;
				CLANG_WARN_OBJC_IMPLICIT_RETAIN_SELF = NO;
				CODE_SIGN_IDENTITY = "Apple Development";
				CODE_SIGN_STYLE = Automatic;
				CustomAppBundleId = com.pinwen.Nav.Release;
				DEVELOPMENT_TEAM = WSG2DVGG97;
				GCC_PREPROCESSOR_DEFINITIONS = (
					"$(inherited)",
					"COCOAPODS=1",
					Nav,
				);
				INFOPLIST_FILE = Nav/Info.plist;
				IPHONEOS_DEPLOYMENT_TARGET = 14.0;
				LD_RUNPATH_SEARCH_PATHS = (
					"$(inherited)",
					"@executable_path/Frameworks",
				);
				PRODUCT_BUNDLE_IDENTIFIER = com.pinwe.Nav;
				PRODUCT_NAME = "$(TARGET_NAME)";
				PROVISIONING_PROFILE_SPECIFIER = "";
				SWIFT_OBJC_BRIDGING_HEADER = "Nav/Nav-Bridging-Header.h";
				SWIFT_VERSION = 5.0;
				TARGETED_DEVICE_FAMILY = "1,2";
			};
			name = Release;
		};
		0F85406C257F64B00007D1FF /* App Store */ = {
			isa = XCBuildConfiguration;
			buildSettings = {
				ALWAYS_SEARCH_USER_PATHS = NO;
				CLANG_ANALYZER_LOCALIZABILITY_NONLOCALIZED = YES;
				CLANG_ANALYZER_NONNULL = YES;
				CLANG_ANALYZER_NUMBER_OBJECT_CONVERSION = YES_AGGRESSIVE;
				CLANG_CXX_LANGUAGE_STANDARD = "gnu++14";
				CLANG_CXX_LIBRARY = "libc++";
				CLANG_ENABLE_MODULES = YES;
				CLANG_ENABLE_OBJC_ARC = YES;
				CLANG_ENABLE_OBJC_WEAK = YES;
				CLANG_WARN_BLOCK_CAPTURE_AUTORELEASING = YES;
				CLANG_WARN_BOOL_CONVERSION = YES;
				CLANG_WARN_COMMA = YES;
				CLANG_WARN_CONSTANT_CONVERSION = YES;
				CLANG_WARN_DEPRECATED_OBJC_IMPLEMENTATIONS = YES;
				CLANG_WARN_DIRECT_OBJC_ISA_USAGE = YES_ERROR;
				CLANG_WARN_DOCUMENTATION_COMMENTS = YES;
				CLANG_WARN_EMPTY_BODY = YES;
				CLANG_WARN_ENUM_CONVERSION = YES;
				CLANG_WARN_INFINITE_RECURSION = YES;
				CLANG_WARN_INT_CONVERSION = YES;
				CLANG_WARN_NON_LITERAL_NULL_CONVERSION = YES;
				CLANG_WARN_OBJC_IMPLICIT_RETAIN_SELF = YES;
				CLANG_WARN_OBJC_LITERAL_CONVERSION = YES;
				CLANG_WARN_OBJC_ROOT_CLASS = YES_ERROR;
				CLANG_WARN_QUOTED_INCLUDE_IN_FRAMEWORK_HEADER = YES;
				CLANG_WARN_RANGE_LOOP_ANALYSIS = YES;
				CLANG_WARN_STRICT_PROTOTYPES = YES;
				CLANG_WARN_SUSPICIOUS_MOVE = YES;
				CLANG_WARN_UNGUARDED_AVAILABILITY = YES_AGGRESSIVE;
				CLANG_WARN_UNREACHABLE_CODE = YES;
				CLANG_WARN__DUPLICATE_METHOD_MATCH = YES;
				COPY_PHASE_STRIP = NO;
				CustomAppBundleId = com.maiyou.Nav.Debug;
				CustomProjectName = Debug;
				DEBUG_INFORMATION_FORMAT = dwarf;
				ENABLE_STRICT_OBJC_MSGSEND = YES;
				ENABLE_TESTABILITY = YES;
				GCC_C_LANGUAGE_STANDARD = gnu11;
				GCC_DYNAMIC_NO_PIC = NO;
				GCC_NO_COMMON_BLOCKS = YES;
				GCC_OPTIMIZATION_LEVEL = 0;
				GCC_PREPROCESSOR_DEFINITIONS = (
					"DEBUG=1",
					"$(inherited)",
				);
				GCC_WARN_64_TO_32_BIT_CONVERSION = YES;
				GCC_WARN_ABOUT_RETURN_TYPE = YES_ERROR;
				GCC_WARN_UNDECLARED_SELECTOR = YES;
				GCC_WARN_UNINITIALIZED_AUTOS = YES_AGGRESSIVE;
				GCC_WARN_UNUSED_FUNCTION = YES;
				GCC_WARN_UNUSED_VARIABLE = YES;
				IPHONEOS_DEPLOYMENT_TARGET = 14.2;
				MTL_ENABLE_DEBUG_INFO = INCLUDE_SOURCE;
				MTL_FAST_MATH = YES;
				ONLY_ACTIVE_ARCH = YES;
				SDKROOT = iphoneos;
			};
			name = "App Store";
		};
		0F85406D257F64B00007D1FF /* App Store */ = {
			isa = XCBuildConfiguration;
			baseConfigurationReference = 2164C3EEC81821902F72001A /* Pods-Nav.app store.xcconfig */;
			buildSettings = {
				ASSETCATALOG_COMPILER_APPICON_NAME = AppIconDebug;
				ASSETCATALOG_COMPILER_GLOBAL_ACCENT_COLOR_NAME = AccentColor;
				CLANG_ENABLE_MODULES = YES;
				CLANG_WARN_OBJC_IMPLICIT_RETAIN_SELF = NO;
				CODE_SIGN_IDENTITY = "Apple Development";
				CODE_SIGN_STYLE = Automatic;
				CustomAppBundleId = com.pinwen.Nav.AppStore;
				CustomProjectName = AppStore;
				DEVELOPMENT_TEAM = WSG2DVGG97;
				GCC_PREPROCESSOR_DEFINITIONS = (
					"$(inherited)",
					"COCOAPODS=1",
					AppStore,
					Nav,
				);
				INFOPLIST_FILE = Nav/Info.plist;
				IPHONEOS_DEPLOYMENT_TARGET = 14.0;
				LD_RUNPATH_SEARCH_PATHS = (
					"$(inherited)",
					"@executable_path/Frameworks",
				);
				PRODUCT_BUNDLE_IDENTIFIER = com.pinwe.Nav;
				PRODUCT_NAME = "$(TARGET_NAME)";
				PROVISIONING_PROFILE_SPECIFIER = "";
				SWIFT_OBJC_BRIDGING_HEADER = "Nav/Nav-Bridging-Header.h";
				SWIFT_OPTIMIZATION_LEVEL = "-Onone";
				SWIFT_VERSION = 5.0;
				TARGETED_DEVICE_FAMILY = "1,2";
			};
			name = "App Store";
		};
/* End XCBuildConfiguration section */

/* Begin XCConfigurationList section */
		0F7D14D725724BEE00032712 /* Build configuration list for PBXProject "Nav" */ = {
			isa = XCConfigurationList;
			buildConfigurations = (
				0F7D14F325724BF300032712 /* Debug */,
				0F85406C257F64B00007D1FF /* App Store */,
				0F415D372579D1A70097B468 /* Developer */,
				0F7D14F425724BF300032712 /* Release */,
			);
			defaultConfigurationIsVisible = 0;
			defaultConfigurationName = Release;
		};
		0F7D14F525724BF300032712 /* Build configuration list for PBXNativeTarget "Nav" */ = {
			isa = XCConfigurationList;
			buildConfigurations = (
				0F7D14F625724BF300032712 /* Debug */,
				0F85406D257F64B00007D1FF /* App Store */,
				0F415D382579D1A70097B468 /* Developer */,
				0F7D14F725724BF300032712 /* Release */,
			);
			defaultConfigurationIsVisible = 0;
			defaultConfigurationName = Release;
		};
/* End XCConfigurationList section */
	};
	rootObject = 0F7D14D425724BEE00032712 /* Project object */;
}
